
Microsoft Visual Studio Solution File, Format Version 12.00
# Visual Studio Version 17
VisualStudioVersion = 17.14.36414.22 d17.14
MinimumVisualStudioVersion = 10.0.40219.1
Project("{FAE04EC0-301F-11D3-BF4B-00C04F79EFBC}") = "CiCd_Demo", "CiCd_Demo\CiCd_Demo.csproj", "{924BF223-9B48-482B-9B20-25652D1E847F}"
EndProject
Global
	GlobalSection(SolutionConfigurationPlatforms) = preSolution
		Debug|Any CPU = Debug|Any CPU
		Release|Any CPU = Release|Any CPU
	EndGlobalSection
	GlobalSection(ProjectConfigurationPlatforms) = postSolution
		{924BF223-9B48-482B-9B20-25652D1E847F}.Debug|Any CPU.ActiveCfg = Debug|Any CPU
		{924BF223-9B48-482B-9B20-25652D1E847F}.Debug|Any CPU.Build.0 = Debug|Any CPU
		{924BF223-9B48-482B-9B20-25652D1E847F}.Release|Any CPU.ActiveCfg = Release|Any CPU
		{924BF223-9B48-482B-9B20-25652D1E847F}.Release|Any CPU.Build.0 = Release|Any CPU
	EndGlobalSection
	GlobalSection(SolutionProperties) = preSolution
		HideSolutionNode = FALSE
	EndGlobalSection
	GlobalSection(ExtensibilityGlobals) = postSolution
		SolutionGuid = {834A0507-1477-4CE8-B8F8-E416107D5228}
	EndGlobalSection
EndGlobal
